
Microsoft Visual Studio Solution File, Format Version 12.00
# Visual Studio 15
VisualStudioVersion = 15.0.27703.2000
MinimumVisualStudioVersion = 10.0.40219.1
Project("{FAE04EC0-301F-11D3-BF4B-00C04F79EFBC}") = "DolfinV.1", "DolfinV.1\DolfinV.1.csproj", "{29F50563-19E9-4F6F-AA66-3A70855BB36D}"
EndProject
Global
	GlobalSection(SolutionConfigurationPlatforms) = preSolution
		Debug|Any CPU = Debug|Any CPU
		Release|Any CPU = Release|Any CPU
	EndGlobalSection
	GlobalSection(ProjectConfigurationPlatforms) = postSolution
		{29F50563-19E9-4F6F-AA66-3A70855BB36D}.Debug|Any CPU.ActiveCfg = Debug|Any CPU
		{29F50563-19E9-4F6F-AA66-3A70855BB36D}.Debug|Any CPU.Build.0 = Debug|Any CPU
		{29F50563-19E9-4F6F-AA66-3A70855BB36D}.Release|Any CPU.ActiveCfg = Release|Any CPU
		{29F50563-19E9-4F6F-AA66-3A70855BB36D}.Release|Any CPU.Build.0 = Release|Any CPU
	EndGlobalSection
	GlobalSection(SolutionProperties) = preSolution
		HideSolutionNode = FALSE
	EndGlobalSection
	GlobalSection(ExtensibilityGlobals) = postSolution
		SolutionGuid = {992C60F7-5243-4D8C-801F-8BE58122B6B5}
	EndGlobalSection
EndGlobal
